
Microsoft Visual Studio Solution File, Format Version 12.00
# Visual Studio 2013
VisualStudioVersion = 12.0.31101.0
MinimumVisualStudioVersion = 10.0.40219.1
Project("{FAE04EC0-301F-11D3-BF4B-00C04F79EFBC}") = "CarSimulator", "CarSimulator\CarSimulator.csproj", "{113CBB07-3ACB-4596-984A-A89F0E56558B}"
EndProject
Project("{FAE04EC0-301F-11D3-BF4B-00C04F79EFBC}") = "Farseer Physics", "FarseerPhysicsEngine\Farseer Physics.csproj", "{A4610E4C-DD34-428B-BABB-779CA0B5993A}"
EndProject
Global
	GlobalSection(SolutionConfigurationPlatforms) = preSolution
		Debug|x64 = Debug|x64
		Release|x64 = Release|x64
	EndGlobalSection
	GlobalSection(ProjectConfigurationPlatforms) = postSolution
		{113CBB07-3ACB-4596-984A-A89F0E56558B}.Debug|x64.ActiveCfg = Debug|x64
		{113CBB07-3ACB-4596-984A-A89F0E56558B}.Debug|x64.Build.0 = Debug|x64
		{113CBB07-3ACB-4596-984A-A89F0E56558B}.Release|x64.ActiveCfg = Release|x64
		{113CBB07-3ACB-4596-984A-A89F0E56558B}.Release|x64.Build.0 = Release|x64
		{A4610E4C-DD34-428B-BABB-779CA0B5993A}.Debug|x64.ActiveCfg = Debug|Any CPU
		{A4610E4C-DD34-428B-BABB-779CA0B5993A}.Debug|x64.Build.0 = Debug|Any CPU
		{A4610E4C-DD34-428B-BABB-779CA0B5993A}.Release|x64.ActiveCfg = Release|Any CPU
		{A4610E4C-DD34-428B-BABB-779CA0B5993A}.Release|x64.Build.0 = Release|Any CPU
	EndGlobalSection
	GlobalSection(SolutionProperties) = preSolution
		HideSolutionNode = FALSE
	EndGlobalSection
EndGlobal
